// !$*UTF8*$!
{
	archiveVersion = 1;
	classes = {
	};
	objectVersion = 50;
	objects = {

/* Begin PBXBuildFile section */
		9901F48E249032CD0014C397 /* AppDelegate.swift in Sources */ = {isa = PBXBuildFile; fileRef = 9901F48D249032CD0014C397 /* AppDelegate.swift */; };
		9901F492249032CD0014C397 /* ViewController.swift in Sources */ = {isa = PBXBuildFile; fileRef = 9901F491249032CD0014C397 /* ViewController.swift */; };
		9901F495249032CD0014C397 /* Main.storyboard in Resources */ = {isa = PBXBuildFile; fileRef = 9901F493249032CD0014C397 /* Main.storyboard */; };
		9901F497249032D10014C397 /* Assets.xcassets in Resources */ = {isa = PBXBuildFile; fileRef = 9901F496249032D10014C397 /* Assets.xcassets */; };
		9901F49A249032D10014C397 /* LaunchScreen.storyboard in Resources */ = {isa = PBXBuildFile; fileRef = 9901F498249032D10014C397 /* LaunchScreen.storyboard */; };
		9901F4A5249032D10014C397 /* CovidHelperTests.swift in Sources */ = {isa = PBXBuildFile; fileRef = 9901F4A4249032D10014C397 /* CovidHelperTests.swift */; };
		9901F4B0249032D10014C397 /* CovidHelperUITests.swift in Sources */ = {isa = PBXBuildFile; fileRef = 9901F4AF249032D10014C397 /* CovidHelperUITests.swift */; };
		9901F4C0249050650014C397 /* QuestionnaireViewController.swift in Sources */ = {isa = PBXBuildFile; fileRef = 9901F4BF249050650014C397 /* QuestionnaireViewController.swift */; };
		9901F4C32490A34B0014C397 /* MapKit.framework in Frameworks */ = {isa = PBXBuildFile; fileRef = 9901F4C22490A34B0014C397 /* MapKit.framework */; };
		9901F4C52490A36A0014C397 /* MapViewController.swift in Sources */ = {isa = PBXBuildFile; fileRef = 9901F4C42490A36A0014C397 /* MapViewController.swift */; };
		9901F4C7249177290014C397 /* Util.swift in Sources */ = {isa = PBXBuildFile; fileRef = 9901F4C6249177290014C397 /* Util.swift */; };
		990E36B5249493BD00930550 /* SceneDelegate.swift in Sources */ = {isa = PBXBuildFile; fileRef = 990E36B4249493BD00930550 /* SceneDelegate.swift */; };
/* End PBXBuildFile section */

/* Begin PBXContainerItemProxy section */
		9901F4A1249032D10014C397 /* PBXContainerItemProxy */ = {
			isa = PBXContainerItemProxy;
			containerPortal = 9901F482249032CC0014C397 /* Project object */;
			proxyType = 1;
			remoteGlobalIDString = 9901F489249032CC0014C397;
			remoteInfo = CovidHelper;
		};
		9901F4AC249032D10014C397 /* PBXContainerItemProxy */ = {
			isa = PBXContainerItemProxy;
			containerPortal = 9901F482249032CC0014C397 /* Project object */;
			proxyType = 1;
			remoteGlobalIDString = 9901F489249032CC0014C397;
			remoteInfo = CovidHelper;
		};
/* End PBXContainerItemProxy section */

/* Begin PBXFileReference section */
		9901F48A249032CD0014C397 /* CovidHelper.app */ = {isa = PBXFileReference; explicitFileType = wrapper.application; includeInIndex = 0; path = CovidHelper.app; sourceTree = BUILT_PRODUCTS_DIR; };
		9901F48D249032CD0014C397 /* AppDelegate.swift */ = {isa = PBXFileReference; lastKnownFileType = sourcecode.swift; path = AppDelegate.swift; sourceTree = "<group>"; };
		9901F491249032CD0014C397 /* ViewController.swift */ = {isa = PBXFileReference; lastKnownFileType = sourcecode.swift; path = ViewController.swift; sourceTree = "<group>"; };
		9901F494249032CD0014C397 /* Base */ = {isa = PBXFileReference; lastKnownFileType = file.storyboard; name = Base; path = Base.lproj/Main.storyboard; sourceTree = "<group>"; };
		9901F496249032D10014C397 /* Assets.xcassets */ = {isa = PBXFileReference; lastKnownFileType = folder.assetcatalog; path = Assets.xcassets; sourceTree = "<group>"; };
		9901F499249032D10014C397 /* Base */ = {isa = PBXFileReference; lastKnownFileType = file.storyboard; name = Base; path = Base.lproj/LaunchScreen.storyboard; sourceTree = "<group>"; };
		9901F49B249032D10014C397 /* Info.plist */ = {isa = PBXFileReference; lastKnownFileType = text.plist.xml; path = Info.plist; sourceTree = "<group>"; };
		9901F4A0249032D10014C397 /* CovidHelperTests.xctest */ = {isa = PBXFileReference; explicitFileType = wrapper.cfbundle; includeInIndex = 0; path = CovidHelperTests.xctest; sourceTree = BUILT_PRODUCTS_DIR; };
		9901F4A4249032D10014C397 /* CovidHelperTests.swift */ = {isa = PBXFileReference; lastKnownFileType = sourcecode.swift; path = CovidHelperTests.swift; sourceTree = "<group>"; };
		9901F4A6249032D10014C397 /* Info.plist */ = {isa = PBXFileReference; lastKnownFileType = text.plist.xml; path = Info.plist; sourceTree = "<group>"; };
		9901F4AB249032D10014C397 /* CovidHelperUITests.xctest */ = {isa = PBXFileReference; explicitFileType = wrapper.cfbundle; includeInIndex = 0; path = CovidHelperUITests.xctest; sourceTree = BUILT_PRODUCTS_DIR; };
		9901F4AF249032D10014C397 /* CovidHelperUITests.swift */ = {isa = PBXFileReference; lastKnownFileType = sourcecode.swift; path = CovidHelperUITests.swift; sourceTree = "<group>"; };
		9901F4B1249032D10014C397 /* Info.plist */ = {isa = PBXFileReference; lastKnownFileType = text.plist.xml; path = Info.plist; sourceTree = "<group>"; };
		9901F4BF249050650014C397 /* QuestionnaireViewController.swift */ = {isa = PBXFileReference; lastKnownFileType = sourcecode.swift; path = QuestionnaireViewController.swift; sourceTree = "<group>"; };
		9901F4C22490A34B0014C397 /* MapKit.framework */ = {isa = PBXFileReference; lastKnownFileType = wrapper.framework; name = MapKit.framework; path = System/Library/Frameworks/MapKit.framework; sourceTree = SDKROOT; };
		9901F4C42490A36A0014C397 /* MapViewController.swift */ = {isa = PBXFileReference; lastKnownFileType = sourcecode.swift; path = MapViewController.swift; sourceTree = "<group>"; };
		9901F4C6249177290014C397 /* Util.swift */ = {isa = PBXFileReference; lastKnownFileType = sourcecode.swift; path = Util.swift; sourceTree = "<group>"; };
		990E36B4249493BD00930550 /* SceneDelegate.swift */ = {isa = PBXFileReference; lastKnownFileType = sourcecode.swift; path = SceneDelegate.swift; sourceTree = "<group>"; };
/* End PBXFileReference section */

/* Begin PBXFrameworksBuildPhase section */
		9901F487249032CC0014C397 /* Frameworks */ = {
			isa = PBXFrameworksBuildPhase;
			buildActionMask = 2147483647;
			files = (
				9901F4C32490A34B0014C397 /* MapKit.framework in Frameworks */,
			);
			runOnlyForDeploymentPostprocessing = 0;
		};
		9901F49D249032D10014C397 /* Frameworks */ = {
			isa = PBXFrameworksBuildPhase;
			buildActionMask = 2147483647;
			files = (
			);
			runOnlyForDeploymentPostprocessing = 0;
		};
		9901F4A8249032D10014C397 /* Frameworks */ = {
			isa = PBXFrameworksBuildPhase;
			buildActionMask = 2147483647;
			files = (
			);
			runOnlyForDeploymentPostprocessing = 0;
		};
/* End PBXFrameworksBuildPhase section */

/* Begin PBXGroup section */
		9901F481249032CC0014C397 = {
			isa = PBXGroup;
			children = (
				9901F48C249032CD0014C397 /* CovidHelper */,
				9901F4A3249032D10014C397 /* CovidHelperTests */,
				9901F4AE249032D10014C397 /* CovidHelperUITests */,
				9901F48B249032CD0014C397 /* Products */,
				9901F4C12490A34B0014C397 /* Frameworks */,
			);
			sourceTree = "<group>";
		};
		9901F48B249032CD0014C397 /* Products */ = {
			isa = PBXGroup;
			children = (
				9901F48A249032CD0014C397 /* CovidHelper.app */,
				9901F4A0249032D10014C397 /* CovidHelperTests.xctest */,
				9901F4AB249032D10014C397 /* CovidHelperUITests.xctest */,
			);
			name = Products;
			sourceTree = "<group>";
		};
		9901F48C249032CD0014C397 /* CovidHelper */ = {
			isa = PBXGroup;
			children = (
				9901F48D249032CD0014C397 /* AppDelegate.swift */,
				9901F491249032CD0014C397 /* ViewController.swift */,
				9901F493249032CD0014C397 /* Main.storyboard */,
				9901F496249032D10014C397 /* Assets.xcassets */,
				9901F498249032D10014C397 /* LaunchScreen.storyboard */,
				9901F49B249032D10014C397 /* Info.plist */,
				9901F4BF249050650014C397 /* QuestionnaireViewController.swift */,
				9901F4C42490A36A0014C397 /* MapViewController.swift */,
				9901F4C6249177290014C397 /* Util.swift */,
				990E36B4249493BD00930550 /* SceneDelegate.swift */,
			);
			path = CovidHelper;
			sourceTree = "<group>";
		};
		9901F4A3249032D10014C397 /* CovidHelperTests */ = {
			isa = PBXGroup;
			children = (
				9901F4A4249032D10014C397 /* CovidHelperTests.swift */,
				9901F4A6249032D10014C397 /* Info.plist */,
			);
			path = CovidHelperTests;
			sourceTree = "<group>";
		};
		9901F4AE249032D10014C397 /* CovidHelperUITests */ = {
			isa = PBXGroup;
			children = (
				9901F4AF249032D10014C397 /* CovidHelperUITests.swift */,
				9901F4B1249032D10014C397 /* Info.plist */,
			);
			path = CovidHelperUITests;
			sourceTree = "<group>";
		};
		9901F4C12490A34B0014C397 /* Frameworks */ = {
			isa = PBXGroup;
			children = (
				9901F4C22490A34B0014C397 /* MapKit.framework */,
			);
			name = Frameworks;
			sourceTree = "<group>";
		};
/* End PBXGroup section */

/* Begin PBXNativeTarget section */
		9901F489249032CC0014C397 /* CovidHelper */ = {
			isa = PBXNativeTarget;
			buildConfigurationList = 9901F4B4249032D10014C397 /* Build configuration list for PBXNativeTarget "CovidHelper" */;
			buildPhases = (
				9901F486249032CC0014C397 /* Sources */,
				9901F487249032CC0014C397 /* Frameworks */,
				9901F488249032CC0014C397 /* Resources */,
			);
			buildRules = (
			);
			dependencies = (
			);
			name = CovidHelper;
			productName = CovidHelper;
			productReference = 9901F48A249032CD0014C397 /* CovidHelper.app */;
			productType = "com.apple.product-type.application";
		};
		9901F49F249032D10014C397 /* CovidHelperTests */ = {
			isa = PBXNativeTarget;
			buildConfigurationList = 9901F4B7249032D10014C397 /* Build configuration list for PBXNativeTarget "CovidHelperTests" */;
			buildPhases = (
				9901F49C249032D10014C397 /* Sources */,
				9901F49D249032D10014C397 /* Frameworks */,
				9901F49E249032D10014C397 /* Resources */,
			);
			buildRules = (
			);
			dependencies = (
				9901F4A2249032D10014C397 /* PBXTargetDependency */,
			);
			name = CovidHelperTests;
			productName = CovidHelperTests;
			productReference = 9901F4A0249032D10014C397 /* CovidHelperTests.xctest */;
			productType = "com.apple.product-type.bundle.unit-test";
		};
		9901F4AA249032D10014C397 /* CovidHelperUITests */ = {
			isa = PBXNativeTarget;
			buildConfigurationList = 9901F4BA249032D10014C397 /* Build configuration list for PBXNativeTarget "CovidHelperUITests" */;
			buildPhases = (
				9901F4A7249032D10014C397 /* Sources */,
				9901F4A8249032D10014C397 /* Frameworks */,
				9901F4A9249032D10014C397 /* Resources */,
			);
			buildRules = (
			);
			dependencies = (
				9901F4AD249032D10014C397 /* PBXTargetDependency */,
			);
			name = CovidHelperUITests;
			productName = CovidHelperUITests;
			productReference = 9901F4AB249032D10014C397 /* CovidHelperUITests.xctest */;
			productType = "com.apple.product-type.bundle.ui-testing";
		};
/* End PBXNativeTarget section */

/* Begin PBXProject section */
		9901F482249032CC0014C397 /* Project object */ = {
			isa = PBXProject;
			attributes = {
				LastSwiftUpdateCheck = 1150;
				LastUpgradeCheck = 1150;
				ORGANIZATIONNAME = "Sparsh Samir";
				TargetAttributes = {
					9901F489249032CC0014C397 = {
						CreatedOnToolsVersion = 11.5;
					};
					9901F49F249032D10014C397 = {
						CreatedOnToolsVersion = 11.5;
						TestTargetID = 9901F489249032CC0014C397;
					};
					9901F4AA249032D10014C397 = {
						CreatedOnToolsVersion = 11.5;
						TestTargetID = 9901F489249032CC0014C397;
					};
				};
			};
			buildConfigurationList = 9901F485249032CC0014C397 /* Build configuration list for PBXProject "CovidHelper" */;
			compatibilityVersion = "Xcode 9.3";
			developmentRegion = en;
			hasScannedForEncodings = 0;
			knownRegions = (
				en,
				Base,
			);
			mainGroup = 9901F481249032CC0014C397;
			productRefGroup = 9901F48B249032CD0014C397 /* Products */;
			projectDirPath = "";
			projectRoot = "";
			targets = (
				9901F489249032CC0014C397 /* CovidHelper */,
				9901F49F249032D10014C397 /* CovidHelperTests */,
				9901F4AA249032D10014C397 /* CovidHelperUITests */,
			);
		};
/* End PBXProject section */

/* Begin PBXResourcesBuildPhase section */
		9901F488249032CC0014C397 /* Resources */ = {
			isa = PBXResourcesBuildPhase;
			buildActionMask = 2147483647;
			files = (
				9901F49A249032D10014C397 /* LaunchScreen.storyboard in Resources */,
				9901F497249032D10014C397 /* Assets.xcassets in Resources */,
				9901F495249032CD0014C397 /* Main.storyboard in Resources */,
			);
			runOnlyForDeploymentPostprocessing = 0;
		};
		9901F49E249032D10014C397 /* Resources */ = {
			isa = PBXResourcesBuildPhase;
			buildActionMask = 2147483647;
			files = (
			);
			runOnlyForDeploymentPostprocessing = 0;
		};
		9901F4A9249032D10014C397 /* Resources */ = {
			isa = PBXResourcesBuildPhase;
			buildActionMask = 2147483647;
			files = (
			);
			runOnlyForDeploymentPostprocessing = 0;
		};
/* End PBXResourcesBuildPhase section */

/* Begin PBXSourcesBuildPhase section */
		9901F486249032CC0014C397 /* Sources */ = {
			isa = PBXSourcesBuildPhase;
			buildActionMask = 2147483647;
			files = (
				9901F492249032CD0014C397 /* ViewController.swift in Sources */,
				9901F4C7249177290014C397 /* Util.swift in Sources */,
				9901F48E249032CD0014C397 /* AppDelegate.swift in Sources */,
				9901F4C0249050650014C397 /* QuestionnaireViewController.swift in Sources */,
				9901F4C52490A36A0014C397 /* MapViewController.swift in Sources */,
				990E36B5249493BD00930550 /* SceneDelegate.swift in Sources */,
			);
			runOnlyForDeploymentPostprocessing = 0;
		};
		9901F49C249032D10014C397 /* Sources */ = {
			isa = PBXSourcesBuildPhase;
			buildActionMask = 2147483647;
			files = (
				9901F4A5249032D10014C397 /* CovidHelperTests.swift in Sources */,
			);
			runOnlyForDeploymentPostprocessing = 0;
		};
		9901F4A7249032D10014C397 /* Sources */ = {
			isa = PBXSourcesBuildPhase;
			buildActionMask = 2147483647;
			files = (
				9901F4B0249032D10014C397 /* CovidHelperUITests.swift in Sources */,
			);
			runOnlyForDeploymentPostprocessing = 0;
		};
/* End PBXSourcesBuildPhase section */

/* Begin PBXTargetDependency section */
		9901F4A2249032D10014C397 /* PBXTargetDependency */ = {
			isa = PBXTargetDependency;
			target = 9901F489249032CC0014C397 /* CovidHelper */;
			targetProxy = 9901F4A1249032D10014C397 /* PBXContainerItemProxy */;
		};
		9901F4AD249032D10014C397 /* PBXTargetDependency */ = {
			isa = PBXTargetDependency;
			target = 9901F489249032CC0014C397 /* CovidHelper */;
			targetProxy = 9901F4AC249032D10014C397 /* PBXContainerItemProxy */;
		};
/* End PBXTargetDependency section */

/* Begin PBXVariantGroup section */
		9901F493249032CD0014C397 /* Main.storyboard */ = {
			isa = PBXVariantGroup;
			children = (
				9901F494249032CD0014C397 /* Base */,
			);
			name = Main.storyboard;
			sourceTree = "<group>";
		};
		9901F498249032D10014C397 /* LaunchScreen.storyboard */ = {
			isa = PBXVariantGroup;
			children = (
				9901F499249032D10014C397 /* Base */,
			);
			name = LaunchScreen.storyboard;
			sourceTree = "<group>";
		};
/* End PBXVariantGroup section */

/* Begin XCBuildConfiguration section */
		9901F4B2249032D10014C397 /* Debug */ = {
			isa = XCBuildConfiguration;
			buildSettings = {
				ALWAYS_SEARCH_USER_PATHS = NO;
				CLANG_ANALYZER_NONNULL = YES;
				CLANG_ANALYZER_NUMBER_OBJECT_CONVERSION = YES_AGGRESSIVE;
				CLANG_CXX_LANGUAGE_STANDARD = "gnu++14";
				CLANG_CXX_LIBRARY = "libc++";
				CLANG_ENABLE_MODULES = YES;
				CLANG_ENABLE_OBJC_ARC = YES;
				CLANG_ENABLE_OBJC_WEAK = YES;
				CLANG_WARN_BLOCK_CAPTURE_AUTORELEASING = YES;
				CLANG_WARN_BOOL_CONVERSION = YES;
				CLANG_WARN_COMMA = YES;
				CLANG_WARN_CONSTANT_CONVERSION = YES;
				CLANG_WARN_DEPRECATED_OBJC_IMPLEMENTATIONS = YES;
				CLANG_WARN_DIRECT_OBJC_ISA_USAGE = YES_ERROR;
				CLANG_WARN_DOCUMENTATION_COMMENTS = YES;
				CLANG_WARN_EMPTY_BODY = YES;
				CLANG_WARN_ENUM_CONVERSION = YES;
				CLANG_WARN_INFINITE_RECURSION = YES;
				CLANG_WARN_INT_CONVERSION = YES;
				CLANG_WARN_NON_LITERAL_NULL_CONVERSION = YES;
				CLANG_WARN_OBJC_IMPLICIT_RETAIN_SELF = YES;
				CLANG_WARN_OBJC_LITERAL_CONVERSION = YES;
				CLANG_WARN_OBJC_ROOT_CLASS = YES_ERROR;
				CLANG_WARN_RANGE_LOOP_ANALYSIS = YES;
				CLANG_WARN_STRICT_PROTOTYPES = YES;
				CLANG_WARN_SUSPICIOUS_MOVE = YES;
				CLANG_WARN_UNGUARDED_AVAILABILITY = YES_AGGRESSIVE;
				CLANG_WARN_UNREACHABLE_CODE = YES;
				CLANG_WARN__DUPLICATE_METHOD_MATCH = YES;
				COPY_PHASE_STRIP = NO;
				DEBUG_INFORMATION_FORMAT = dwarf;
				ENABLE_STRICT_OBJC_MSGSEND = YES;
				ENABLE_TESTABILITY = YES;
				GCC_C_LANGUAGE_STANDARD = gnu11;
				GCC_DYNAMIC_NO_PIC = NO;
				GCC_NO_COMMON_BLOCKS = YES;
				GCC_OPTIMIZATION_LEVEL = 0;
				GCC_PREPROCESSOR_DEFINITIONS = (
					"DEBUG=1",
					"$(inherited)",
				);
				GCC_WARN_64_TO_32_BIT_CONVERSION = YES;
				GCC_WARN_ABOUT_RETURN_TYPE = YES_ERROR;
				GCC_WARN_UNDECLARED_SELECTOR = YES;
				GCC_WARN_UNINITIALIZED_AUTOS = YES_AGGRESSIVE;
				GCC_WARN_UNUSED_FUNCTION = YES;
				GCC_WARN_UNUSED_VARIABLE = YES;
				IPHONEOS_DEPLOYMENT_TARGET = 13.5;
				MTL_ENABLE_DEBUG_INFO = INCLUDE_SOURCE;
				MTL_FAST_MATH = YES;
				ONLY_ACTIVE_ARCH = YES;
				SDKROOT = iphoneos;
				SWIFT_ACTIVE_COMPILATION_CONDITIONS = DEBUG;
				SWIFT_OPTIMIZATION_LEVEL = "-Onone";
			};
			name = Debug;
		};
		9901F4B3249032D10014C397 /* Release */ = {
			isa = XCBuildConfiguration;
			buildSettings = {
				ALWAYS_SEARCH_USER_PATHS = NO;
				CLANG_ANALYZER_NONNULL = YES;
				CLANG_ANALYZER_NUMBER_OBJECT_CONVERSION = YES_AGGRESSIVE;
				CLANG_CXX_LANGUAGE_STANDARD = "gnu++14";
				CLANG_CXX_LIBRARY = "libc++";
				CLANG_ENABLE_MODULES = YES;
				CLANG_ENABLE_OBJC_ARC = YES;
				CLANG_ENABLE_OBJC_WEAK = YES;
				CLANG_WARN_BLOCK_CAPTURE_AUTORELEASING = YES;
				CLANG_WARN_BOOL_CONVERSION = YES;
				CLANG_WARN_COMMA = YES;
				CLANG_WARN_CONSTANT_CONVERSION = YES;
				CLANG_WARN_DEPRECATED_OBJC_IMPLEMENTATIONS = YES;
				CLANG_WARN_DIRECT_OBJC_ISA_USAGE = YES_ERROR;
				CLANG_WARN_DOCUMENTATION_COMMENTS = YES;
				CLANG_WARN_EMPTY_BODY = YES;
				CLANG_WARN_ENUM_CONVERSION = YES;
				CLANG_WARN_INFINITE_RECURSION = YES;
				CLANG_WARN_INT_CONVERSION = YES;
				CLANG_WARN_NON_LITERAL_NULL_CONVERSION = YES;
				CLANG_WARN_OBJC_IMPLICIT_RETAIN_SELF = YES;
				CLANG_WARN_OBJC_LITERAL_CONVERSION = YES;
				CLANG_WARN_OBJC_ROOT_CLASS = YES_ERROR;
				CLANG_WARN_RANGE_LOOP_ANALYSIS = YES;
				CLANG_WARN_STRICT_PROTOTYPES = YES;
				CLANG_WARN_SUSPICIOUS_MOVE = YES;
				CLANG_WARN_UNGUARDED_AVAILABILITY = YES_AGGRESSIVE;
				CLANG_WARN_UNREACHABLE_CODE = YES;
				CLANG_WARN__DUPLICATE_METHOD_MATCH = YES;
				COPY_PHASE_STRIP = NO;
				DEBUG_INFORMATION_FORMAT = "dwarf-with-dsym";
				ENABLE_NS_ASSERTIONS = NO;
				ENABLE_STRICT_OBJC_MSGSEND = YES;
				GCC_C_LANGUAGE_STANDARD = gnu11;
				GCC_NO_COMMON_BLOCKS = YES;
				GCC_WARN_64_TO_32_BIT_CONVERSION = YES;
				GCC_WARN_ABOUT_RETURN_TYPE = YES_ERROR;
				GCC_WARN_UNDECLARED_SELECTOR = YES;
				GCC_WARN_UNINITIALIZED_AUTOS = YES_AGGRESSIVE;
				GCC_WARN_UNUSED_FUNCTION = YES;
				GCC_WARN_UNUSED_VARIABLE = YES;
				IPHONEOS_DEPLOYMENT_TARGET = 13.5;
				MTL_ENABLE_DEBUG_INFO = NO;
				MTL_FAST_MATH = YES;
				SDKROOT = iphoneos;
				SWIFT_COMPILATION_MODE = wholemodule;
				SWIFT_OPTIMIZATION_LEVEL = "-O";
				VALIDATE_PRODUCT = YES;
			};
			name = Release;
		};
		9901F4B5249032D10014C397 /* Debug */ = {
			isa = XCBuildConfiguration;
			buildSettings = {
				ASSETCATALOG_COMPILER_APPICON_NAME = AppIcon;
				CODE_SIGN_STYLE = Automatic;
				DEVELOPMENT_TEAM = 9M8HZMYEQ7;
				INFOPLIST_FILE = CovidHelper/Info.plist;
				IPHONEOS_DEPLOYMENT_TARGET = 13.4;
				LD_RUNPATH_SEARCH_PATHS = (
					"$(inherited)",
					"@executable_path/Frameworks",
				);
				PRODUCT_BUNDLE_IDENTIFIER = sparsh.CovidHelper;
				PRODUCT_NAME = "$(TARGET_NAME)";
				SWIFT_VERSION = 5.0;
				TARGETED_DEVICE_FAMILY = "1,2";
			};
			name = Debug;
		};
		9901F4B6249032D10014C397 /* Release */ = {
			isa = XCBuildConfiguration;
			buildSettings = {
				ASSETCATALOG_COMPILER_APPICON_NAME = AppIcon;
				CODE_SIGN_STYLE = Automatic;
				DEVELOPMENT_TEAM = 9M8HZMYEQ7;
				INFOPLIST_FILE = CovidHelper/Info.plist;
				IPHONEOS_DEPLOYMENT_TARGET = 13.4;
				LD_RUNPATH_SEARCH_PATHS = (
					"$(inherited)",
					"@executable_path/Frameworks",
				);
				PRODUCT_BUNDLE_IDENTIFIER = sparsh.CovidHelper;
				PRODUCT_NAME = "$(TARGET_NAME)";
				SWIFT_VERSION = 5.0;
				TARGETED_DEVICE_FAMILY = "1,2";
			};
			name = Release;
		};
		9901F4B8249032D10014C397 /* Debug */ = {
			isa = XCBuildConfiguration;
			buildSettings = {
				ALWAYS_EMBED_SWIFT_STANDARD_LIBRARIES = YES;
				BUNDLE_LOADER = "$(TEST_HOST)";
				CODE_SIGN_STYLE = Automatic;
				DEVELOPMENT_TEAM = 9M8HZMYEQ7;
				INFOPLIST_FILE = CovidHelperTests/Info.plist;
				IPHONEOS_DEPLOYMENT_TARGET = 13.4;
				LD_RUNPATH_SEARCH_PATHS = (
					"$(inherited)",
					"@executable_path/Frameworks",
					"@loader_path/Frameworks",
				);
				PRODUCT_BUNDLE_IDENTIFIER = sparsh.CovidHelperTests;
				PRODUCT_NAME = "$(TARGET_NAME)";
				SWIFT_VERSION = 5.0;
				TARGETED_DEVICE_FAMILY = "1,2";
				TEST_HOST = "$(BUILT_PRODUCTS_DIR)/CovidHelper.app/CovidHelper";
			};
			name = Debug;
		};
		9901F4B9249032D10014C397 /* Release */ = {
			isa = XCBuildConfiguration;
			buildSettings = {
				ALWAYS_EMBED_SWIFT_STANDARD_LIBRARIES = YES;
				BUNDLE_LOADER = "$(TEST_HOST)";
				CODE_SIGN_STYLE = Automatic;
				DEVELOPMENT_TEAM = 9M8HZMYEQ7;
				INFOPLIST_FILE = CovidHelperTests/Info.plist;
				IPHONEOS_DEPLOYMENT_TARGET = 13.4;
				LD_RUNPATH_SEARCH_PATHS = (
					"$(inherited)",
					"@executable_path/Frameworks",
					"@loader_path/Frameworks",
				);
				PRODUCT_BUNDLE_IDENTIFIER = sparsh.CovidHelperTests;
				PRODUCT_NAME = "$(TARGET_NAME)";
				SWIFT_VERSION = 5.0;
				TARGETED_DEVICE_FAMILY = "1,2";
				TEST_HOST = "$(BUILT_PRODUCTS_DIR)/CovidHelper.app/CovidHelper";
			};
			name = Release;
		};
		9901F4BB249032D10014C397 /* Debug */ = {
			isa = XCBuildConfiguration;
			buildSettings = {
				ALWAYS_EMBED_SWIFT_STANDARD_LIBRARIES = YES;
				CODE_SIGN_STYLE = Automatic;
				DEVELOPMENT_TEAM = 9M8HZMYEQ7;
				INFOPLIST_FILE = CovidHelperUITests/Info.plist;
				IPHONEOS_DEPLOYMENT_TARGET = 13.4;
				LD_RUNPATH_SEARCH_PATHS = (
					"$(inherited)",
					"@executable_path/Frameworks",
					"@loader_path/Frameworks",
				);
				PRODUCT_BUNDLE_IDENTIFIER = sparsh.CovidHelperUITests;
				PRODUCT_NAME = "$(TARGET_NAME)";
				SWIFT_VERSION = 5.0;
				TARGETED_DEVICE_FAMILY = "1,2";
				TEST_TARGET_NAME = CovidHelper;
			};
			name = Debug;
		};
		9901F4BC249032D10014C397 /* Release */ = {
			isa = XCBuildConfiguration;
			buildSettings = {
				ALWAYS_EMBED_SWIFT_STANDARD_LIBRARIES = YES;
				CODE_SIGN_STYLE = Automatic;
				DEVELOPMENT_TEAM = 9M8HZMYEQ7;
				INFOPLIST_FILE = CovidHelperUITests/Info.plist;
				IPHONEOS_DEPLOYMENT_TARGET = 13.4;
				LD_RUNPATH_SEARCH_PATHS = (
					"$(inherited)",
					"@executable_path/Frameworks",
					"@loader_path/Frameworks",
				);
				PRODUCT_BUNDLE_IDENTIFIER = sparsh.CovidHelperUITests;
				PRODUCT_NAME = "$(TARGET_NAME)";
				SWIFT_VERSION = 5.0;
				TARGETED_DEVICE_FAMILY = "1,2";
				TEST_TARGET_NAME = CovidHelper;
			};
			name = Release;
		};
/* End XCBuildConfiguration section */

/* Begin XCConfigurationList section */
		9901F485249032CC0014C397 /* Build configuration list for PBXProject "CovidHelper" */ = {
			isa = XCConfigurationList;
			buildConfigurations = (
				9901F4B2249032D10014C397 /* Debug */,
				9901F4B3249032D10014C397 /* Release */,
			);
			defaultConfigurationIsVisible = 0;
			defaultConfigurationName = Release;
		};
		9901F4B4249032D10014C397 /* Build configuration list for PBXNativeTarget "CovidHelper" */ = {
			isa = XCConfigurationList;
			buildConfigurations = (
				9901F4B5249032D10014C397 /* Debug */,
				9901F4B6249032D10014C397 /* Release */,
			);
			defaultConfigurationIsVisible = 0;
			defaultConfigurationName = Release;
		};
		9901F4B7249032D10014C397 /* Build configuration list for PBXNativeTarget "CovidHelperTests" */ = {
			isa = XCConfigurationList;
			buildConfigurations = (
				9901F4B8249032D10014C397 /* Debug */,
				9901F4B9249032D10014C397 /* Release */,
			);
			defaultConfigurationIsVisible = 0;
			defaultConfigurationName = Release;
		};
		9901F4BA249032D10014C397 /* Build configuration list for PBXNativeTarget "CovidHelperUITests" */ = {
			isa = XCConfigurationList;
			buildConfigurations = (
				9901F4BB249032D10014C397 /* Debug */,
				9901F4BC249032D10014C397 /* Release */,
			);
			defaultConfigurationIsVisible = 0;
			defaultConfigurationName = Release;
		};
/* End XCConfigurationList section */
	};
	rootObject = 9901F482249032CC0014C397 /* Project object */;
}
